
Microsoft Visual Studio Solution File, Format Version 12.00
# Visual Studio Version 16
VisualStudioVersion = 16.0.29806.167
MinimumVisualStudioVersion = 10.0.40219.1
Project("{2150E333-8FDC-42A3-9474-1A3956D46DE8}") = "shared", "shared", "{41C54C1D-19E8-4618-8BC1-AEBEFE2EE13F}"
EndProject
Project("{9A19103F-16F7-4668-BE54-9A1E7A4F7556}") = "voice.dapper", "voice.dapper\voice.dapper.csproj", "{A4FDC463-984A-47CD-B575-8F164EDEB25B}"
EndProject
Project("{9A19103F-16F7-4668-BE54-9A1E7A4F7556}") = "voice.files", "voice.files\voice.files.csproj", "{02EEDD37-3809-4A5C-B564-F58D6426A78B}"
EndProject
Project("{9A19103F-16F7-4668-BE54-9A1E7A4F7556}") = "voice.logs", "voice.logs\voice.logs.csproj", "{53506290-8A64-42B9-B1D0-EFD4CC183B8B}"
EndProject
Project("{9A19103F-16F7-4668-BE54-9A1E7A4F7556}") = "voice.models", "voice.models\voice.models.csproj", "{0F8B5914-6388-453E-8451-82C50361AB02}"
EndProject
Project("{9A19103F-16F7-4668-BE54-9A1E7A4F7556}") = "voice.notify", "voice.notify\voice.notify.csproj", "{D910D63D-1C1E-4289-B320-AE728E40BB28}"
EndProject
Project("{9A19103F-16F7-4668-BE54-9A1E7A4F7556}") = "voice.queue", "voice.queue\voice.queue.csproj", "{3DE68A7E-B846-4916-B990-2DB63CC557E0}"
EndProject
Project("{9A19103F-16F7-4668-BE54-9A1E7A4F7556}") = "voice.security", "voice.security\voice.security.csproj", "{81EC4D5E-718E-441A-A422-205E4A703799}"
EndProject
Project("{9A19103F-16F7-4668-BE54-9A1E7A4F7556}") = "voice.api", "voice.api\voice.api.csproj", "{5E9A1AD5-6189-4853-B589-F2C436F694A0}"
EndProject
Project("{9A19103F-16F7-4668-BE54-9A1E7A4F7556}") = "voice.middleware", "voice.middleware\voice.middleware.csproj", "{E6E7FE28-E0D2-4834-B2F0-559DC4CE7227}"
EndProject
Project("{9A19103F-16F7-4668-BE54-9A1E7A4F7556}") = "voice.blazor", "voice.blazor\voice.blazor.csproj", "{DF13E300-0780-4018-A50D-22F3AECBCFA1}"
EndProject
Global
	GlobalSection(SolutionConfigurationPlatforms) = preSolution
		Debug|Any CPU = Debug|Any CPU
		Production|Any CPU = Production|Any CPU
		Qa|Any CPU = Qa|Any CPU
		Release|Any CPU = Release|Any CPU
		Stag|Any CPU = Stag|Any CPU
	EndGlobalSection
	GlobalSection(ProjectConfigurationPlatforms) = postSolution
		{A4FDC463-984A-47CD-B575-8F164EDEB25B}.Debug|Any CPU.ActiveCfg = Debug|Any CPU
		{A4FDC463-984A-47CD-B575-8F164EDEB25B}.Debug|Any CPU.Build.0 = Debug|Any CPU
		{A4FDC463-984A-47CD-B575-8F164EDEB25B}.Production|Any CPU.ActiveCfg = Production|Any CPU
		{A4FDC463-984A-47CD-B575-8F164EDEB25B}.Production|Any CPU.Build.0 = Production|Any CPU
		{A4FDC463-984A-47CD-B575-8F164EDEB25B}.Qa|Any CPU.ActiveCfg = Qa|Any CPU
		{A4FDC463-984A-47CD-B575-8F164EDEB25B}.Qa|Any CPU.Build.0 = Qa|Any CPU
		{A4FDC463-984A-47CD-B575-8F164EDEB25B}.Release|Any CPU.ActiveCfg = Release|Any CPU
		{A4FDC463-984A-47CD-B575-8F164EDEB25B}.Release|Any CPU.Build.0 = Release|Any CPU
		{A4FDC463-984A-47CD-B575-8F164EDEB25B}.Stag|Any CPU.ActiveCfg = Stag|Any CPU
		{A4FDC463-984A-47CD-B575-8F164EDEB25B}.Stag|Any CPU.Build.0 = Stag|Any CPU
		{02EEDD37-3809-4A5C-B564-F58D6426A78B}.Debug|Any CPU.ActiveCfg = Debug|Any CPU
		{02EEDD37-3809-4A5C-B564-F58D6426A78B}.Debug|Any CPU.Build.0 = Debug|Any CPU
		{02EEDD37-3809-4A5C-B564-F58D6426A78B}.Production|Any CPU.ActiveCfg = Production|Any CPU
		{02EEDD37-3809-4A5C-B564-F58D6426A78B}.Production|Any CPU.Build.0 = Production|Any CPU
		{02EEDD37-3809-4A5C-B564-F58D6426A78B}.Qa|Any CPU.ActiveCfg = Qa|Any CPU
		{02EEDD37-3809-4A5C-B564-F58D6426A78B}.Qa|Any CPU.Build.0 = Qa|Any CPU
		{02EEDD37-3809-4A5C-B564-F58D6426A78B}.Release|Any CPU.ActiveCfg = Release|Any CPU
		{02EEDD37-3809-4A5C-B564-F58D6426A78B}.Release|Any CPU.Build.0 = Release|Any CPU
		{02EEDD37-3809-4A5C-B564-F58D6426A78B}.Stag|Any CPU.ActiveCfg = Stag|Any CPU
		{02EEDD37-3809-4A5C-B564-F58D6426A78B}.Stag|Any CPU.Build.0 = Stag|Any CPU
		{53506290-8A64-42B9-B1D0-EFD4CC183B8B}.Debug|Any CPU.ActiveCfg = Debug|Any CPU
		{53506290-8A64-42B9-B1D0-EFD4CC183B8B}.Debug|Any CPU.Build.0 = Debug|Any CPU
		{53506290-8A64-42B9-B1D0-EFD4CC183B8B}.Production|Any CPU.ActiveCfg = Production|Any CPU
		{53506290-8A64-42B9-B1D0-EFD4CC183B8B}.Production|Any CPU.Build.0 = Production|Any CPU
		{53506290-8A64-42B9-B1D0-EFD4CC183B8B}.Qa|Any CPU.ActiveCfg = Qa|Any CPU
		{53506290-8A64-42B9-B1D0-EFD4CC183B8B}.Qa|Any CPU.Build.0 = Qa|Any CPU
		{53506290-8A64-42B9-B1D0-EFD4CC183B8B}.Release|Any CPU.ActiveCfg = Release|Any CPU
		{53506290-8A64-42B9-B1D0-EFD4CC183B8B}.Release|Any CPU.Build.0 = Release|Any CPU
		{53506290-8A64-42B9-B1D0-EFD4CC183B8B}.Stag|Any CPU.ActiveCfg = Stag|Any CPU
		{53506290-8A64-42B9-B1D0-EFD4CC183B8B}.Stag|Any CPU.Build.0 = Stag|Any CPU
		{0F8B5914-6388-453E-8451-82C50361AB02}.Debug|Any CPU.ActiveCfg = Debug|Any CPU
		{0F8B5914-6388-453E-8451-82C50361AB02}.Debug|Any CPU.Build.0 = Debug|Any CPU
		{0F8B5914-6388-453E-8451-82C50361AB02}.Production|Any CPU.ActiveCfg = Production|Any CPU
		{0F8B5914-6388-453E-8451-82C50361AB02}.Production|Any CPU.Build.0 = Production|Any CPU
		{0F8B5914-6388-453E-8451-82C50361AB02}.Qa|Any CPU.ActiveCfg = Qa|Any CPU
		{0F8B5914-6388-453E-8451-82C50361AB02}.Qa|Any CPU.Build.0 = Qa|Any CPU
		{0F8B5914-6388-453E-8451-82C50361AB02}.Release|Any CPU.ActiveCfg = Release|Any CPU
		{0F8B5914-6388-453E-8451-82C50361AB02}.Release|Any CPU.Build.0 = Release|Any CPU
		{0F8B5914-6388-453E-8451-82C50361AB02}.Stag|Any CPU.ActiveCfg = Stag|Any CPU
		{0F8B5914-6388-453E-8451-82C50361AB02}.Stag|Any CPU.Build.0 = Stag|Any CPU
		{D910D63D-1C1E-4289-B320-AE728E40BB28}.Debug|Any CPU.ActiveCfg = Debug|Any CPU
		{D910D63D-1C1E-4289-B320-AE728E40BB28}.Debug|Any CPU.Build.0 = Debug|Any CPU
		{D910D63D-1C1E-4289-B320-AE728E40BB28}.Production|Any CPU.ActiveCfg = Production|Any CPU
		{D910D63D-1C1E-4289-B320-AE728E40BB28}.Production|Any CPU.Build.0 = Production|Any CPU
		{D910D63D-1C1E-4289-B320-AE728E40BB28}.Qa|Any CPU.ActiveCfg = Debug|Any CPU
		{D910D63D-1C1E-4289-B320-AE728E40BB28}.Qa|Any CPU.Build.0 = Debug|Any CPU
		{D910D63D-1C1E-4289-B320-AE728E40BB28}.Release|Any CPU.ActiveCfg = Release|Any CPU
		{D910D63D-1C1E-4289-B320-AE728E40BB28}.Release|Any CPU.Build.0 = Release|Any CPU
		{D910D63D-1C1E-4289-B320-AE728E40BB28}.Stag|Any CPU.ActiveCfg = Debug|Any CPU
		{D910D63D-1C1E-4289-B320-AE728E40BB28}.Stag|Any CPU.Build.0 = Debug|Any CPU
		{3DE68A7E-B846-4916-B990-2DB63CC557E0}.Debug|Any CPU.ActiveCfg = Debug|Any CPU
		{3DE68A7E-B846-4916-B990-2DB63CC557E0}.Debug|Any CPU.Build.0 = Debug|Any CPU
		{3DE68A7E-B846-4916-B990-2DB63CC557E0}.Production|Any CPU.ActiveCfg = Production|Any CPU
		{3DE68A7E-B846-4916-B990-2DB63CC557E0}.Production|Any CPU.Build.0 = Production|Any CPU
		{3DE68A7E-B846-4916-B990-2DB63CC557E0}.Qa|Any CPU.ActiveCfg = Qa|Any CPU
		{3DE68A7E-B846-4916-B990-2DB63CC557E0}.Qa|Any CPU.Build.0 = Qa|Any CPU
		{3DE68A7E-B846-4916-B990-2DB63CC557E0}.Release|Any CPU.ActiveCfg = Release|Any CPU
		{3DE68A7E-B846-4916-B990-2DB63CC557E0}.Release|Any CPU.Build.0 = Release|Any CPU
		{3DE68A7E-B846-4916-B990-2DB63CC557E0}.Stag|Any CPU.ActiveCfg = Stag|Any CPU
		{3DE68A7E-B846-4916-B990-2DB63CC557E0}.Stag|Any CPU.Build.0 = Stag|Any CPU
		{81EC4D5E-718E-441A-A422-205E4A703799}.Debug|Any CPU.ActiveCfg = Debug|Any CPU
		{81EC4D5E-718E-441A-A422-205E4A703799}.Debug|Any CPU.Build.0 = Debug|Any CPU
		{81EC4D5E-718E-441A-A422-205E4A703799}.Production|Any CPU.ActiveCfg = Production|Any CPU
		{81EC4D5E-718E-441A-A422-205E4A703799}.Production|Any CPU.Build.0 = Production|Any CPU
		{81EC4D5E-718E-441A-A422-205E4A703799}.Qa|Any CPU.ActiveCfg = Qa|Any CPU
		{81EC4D5E-718E-441A-A422-205E4A703799}.Qa|Any CPU.Build.0 = Qa|Any CPU
		{81EC4D5E-718E-441A-A422-205E4A703799}.Release|Any CPU.ActiveCfg = Release|Any CPU
		{81EC4D5E-718E-441A-A422-205E4A703799}.Release|Any CPU.Build.0 = Release|Any CPU
		{81EC4D5E-718E-441A-A422-205E4A703799}.Stag|Any CPU.ActiveCfg = Stag|Any CPU
		{81EC4D5E-718E-441A-A422-205E4A703799}.Stag|Any CPU.Build.0 = Stag|Any CPU
		{5E9A1AD5-6189-4853-B589-F2C436F694A0}.Debug|Any CPU.ActiveCfg = Debug|Any CPU
		{5E9A1AD5-6189-4853-B589-F2C436F694A0}.Debug|Any CPU.Build.0 = Debug|Any CPU
		{5E9A1AD5-6189-4853-B589-F2C436F694A0}.Production|Any CPU.ActiveCfg = Production|Any CPU
		{5E9A1AD5-6189-4853-B589-F2C436F694A0}.Production|Any CPU.Build.0 = Production|Any CPU
		{5E9A1AD5-6189-4853-B589-F2C436F694A0}.Qa|Any CPU.ActiveCfg = Qa|Any CPU
		{5E9A1AD5-6189-4853-B589-F2C436F694A0}.Qa|Any CPU.Build.0 = Qa|Any CPU
		{5E9A1AD5-6189-4853-B589-F2C436F694A0}.Release|Any CPU.ActiveCfg = Release|Any CPU
		{5E9A1AD5-6189-4853-B589-F2C436F694A0}.Release|Any CPU.Build.0 = Release|Any CPU
		{5E9A1AD5-6189-4853-B589-F2C436F694A0}.Stag|Any CPU.ActiveCfg = Stag|Any CPU
		{5E9A1AD5-6189-4853-B589-F2C436F694A0}.Stag|Any CPU.Build.0 = Stag|Any CPU
		{E6E7FE28-E0D2-4834-B2F0-559DC4CE7227}.Debug|Any CPU.ActiveCfg = Debug|Any CPU
		{E6E7FE28-E0D2-4834-B2F0-559DC4CE7227}.Debug|Any CPU.Build.0 = Debug|Any CPU
		{E6E7FE28-E0D2-4834-B2F0-559DC4CE7227}.Production|Any CPU.ActiveCfg = Production|Any CPU
		{E6E7FE28-E0D2-4834-B2F0-559DC4CE7227}.Production|Any CPU.Build.0 = Production|Any CPU
		{E6E7FE28-E0D2-4834-B2F0-559DC4CE7227}.Qa|Any CPU.ActiveCfg = Qa|Any CPU
		{E6E7FE28-E0D2-4834-B2F0-559DC4CE7227}.Qa|Any CPU.Build.0 = Qa|Any CPU
		{E6E7FE28-E0D2-4834-B2F0-559DC4CE7227}.Release|Any CPU.ActiveCfg = Release|Any CPU
		{E6E7FE28-E0D2-4834-B2F0-559DC4CE7227}.Release|Any CPU.Build.0 = Release|Any CPU
		{E6E7FE28-E0D2-4834-B2F0-559DC4CE7227}.Stag|Any CPU.ActiveCfg = Stag|Any CPU
		{E6E7FE28-E0D2-4834-B2F0-559DC4CE7227}.Stag|Any CPU.Build.0 = Stag|Any CPU
		{DF13E300-0780-4018-A50D-22F3AECBCFA1}.Debug|Any CPU.ActiveCfg = Debug|Any CPU
		{DF13E300-0780-4018-A50D-22F3AECBCFA1}.Debug|Any CPU.Build.0 = Debug|Any CPU
		{DF13E300-0780-4018-A50D-22F3AECBCFA1}.Production|Any CPU.ActiveCfg = Debug|Any CPU
		{DF13E300-0780-4018-A50D-22F3AECBCFA1}.Production|Any CPU.Build.0 = Debug|Any CPU
		{DF13E300-0780-4018-A50D-22F3AECBCFA1}.Qa|Any CPU.ActiveCfg = Debug|Any CPU
		{DF13E300-0780-4018-A50D-22F3AECBCFA1}.Qa|Any CPU.Build.0 = Debug|Any CPU
		{DF13E300-0780-4018-A50D-22F3AECBCFA1}.Release|Any CPU.ActiveCfg = Release|Any CPU
		{DF13E300-0780-4018-A50D-22F3AECBCFA1}.Release|Any CPU.Build.0 = Release|Any CPU
		{DF13E300-0780-4018-A50D-22F3AECBCFA1}.Stag|Any CPU.ActiveCfg = Debug|Any CPU
		{DF13E300-0780-4018-A50D-22F3AECBCFA1}.Stag|Any CPU.Build.0 = Debug|Any CPU
	EndGlobalSection
	GlobalSection(SolutionProperties) = preSolution
		HideSolutionNode = FALSE
	EndGlobalSection
	GlobalSection(NestedProjects) = preSolution
		{A4FDC463-984A-47CD-B575-8F164EDEB25B} = {41C54C1D-19E8-4618-8BC1-AEBEFE2EE13F}
		{02EEDD37-3809-4A5C-B564-F58D6426A78B} = {41C54C1D-19E8-4618-8BC1-AEBEFE2EE13F}
		{53506290-8A64-42B9-B1D0-EFD4CC183B8B} = {41C54C1D-19E8-4618-8BC1-AEBEFE2EE13F}
		{0F8B5914-6388-453E-8451-82C50361AB02} = {41C54C1D-19E8-4618-8BC1-AEBEFE2EE13F}
		{D910D63D-1C1E-4289-B320-AE728E40BB28} = {41C54C1D-19E8-4618-8BC1-AEBEFE2EE13F}
		{3DE68A7E-B846-4916-B990-2DB63CC557E0} = {41C54C1D-19E8-4618-8BC1-AEBEFE2EE13F}
		{81EC4D5E-718E-441A-A422-205E4A703799} = {41C54C1D-19E8-4618-8BC1-AEBEFE2EE13F}
	EndGlobalSection
	GlobalSection(ExtensibilityGlobals) = postSolution
		SolutionGuid = {C54E9325-22CA-4AF2-B360-9905121E3386}
	EndGlobalSection
EndGlobal
